
Microsoft Visual Studio Solution File, Format Version 12.00
# Visual Studio Version 17
VisualStudioVersion = 17.9.34310.174
MinimumVisualStudioVersion = 10.0.40219.1
Project("{FAE04EC0-301F-11D3-BF4B-00C04F79EFBC}") = "APISuporte", "APISuporte.csproj", "{1C6EF1C2-5F8D-4809-AD5F-97753D9274C7}"
EndProject
Global
	GlobalSection(SolutionConfigurationPlatforms) = preSolution
		Debug|Any CPU = Debug|Any CPU
		Release|Any CPU = Release|Any CPU
	EndGlobalSection
	GlobalSection(ProjectConfigurationPlatforms) = postSolution
		{1C6EF1C2-5F8D-4809-AD5F-97753D9274C7}.Debug|Any CPU.ActiveCfg = Debug|Any CPU
		{1C6EF1C2-5F8D-4809-AD5F-97753D9274C7}.Debug|Any CPU.Build.0 = Debug|Any CPU
		{1C6EF1C2-5F8D-4809-AD5F-97753D9274C7}.Release|Any CPU.ActiveCfg = Release|Any CPU
		{1C6EF1C2-5F8D-4809-AD5F-97753D9274C7}.Release|Any CPU.Build.0 = Release|Any CPU
	EndGlobalSection
	GlobalSection(SolutionProperties) = preSolution
		HideSolutionNode = FALSE
	EndGlobalSection
	GlobalSection(ExtensibilityGlobals) = postSolution
		SolutionGuid = {C8433068-C48C-4801-AC5C-84621E0FBF4C}
	EndGlobalSection
EndGlobal
